
Microsoft Visual Studio Solution File, Format Version 12.00
# Visual Studio 15
VisualStudioVersion = 15.0.27703.2000
MinimumVisualStudioVersion = 10.0.40219.1
Project("{9A19103F-16F7-4668-BE54-9A1E7A4F7556}") = "WebStore", "WebStore\WebStore.csproj", "{8DA13942-7A1A-4AB4-909F-D674C40DA5BE}"
EndProject
Project("{FAE04EC0-301F-11D3-BF4B-00C04F79EFBC}") = "WebStore.Domain", "WebStore.Domain\WebStore.Domain.csproj", "{75EE6B10-54E4-420D-9512-004DDA51C844}"
EndProject
Global
	GlobalSection(SolutionConfigurationPlatforms) = preSolution
		Debug|Any CPU = Debug|Any CPU
		Release|Any CPU = Release|Any CPU
	EndGlobalSection
	GlobalSection(ProjectConfigurationPlatforms) = postSolution
		{8DA13942-7A1A-4AB4-909F-D674C40DA5BE}.Debug|Any CPU.ActiveCfg = Debug|Any CPU
		{8DA13942-7A1A-4AB4-909F-D674C40DA5BE}.Debug|Any CPU.Build.0 = Debug|Any CPU
		{8DA13942-7A1A-4AB4-909F-D674C40DA5BE}.Release|Any CPU.ActiveCfg = Release|Any CPU
		{8DA13942-7A1A-4AB4-909F-D674C40DA5BE}.Release|Any CPU.Build.0 = Release|Any CPU
		{75EE6B10-54E4-420D-9512-004DDA51C844}.Debug|Any CPU.ActiveCfg = Debug|Any CPU
		{75EE6B10-54E4-420D-9512-004DDA51C844}.Debug|Any CPU.Build.0 = Debug|Any CPU
		{75EE6B10-54E4-420D-9512-004DDA51C844}.Release|Any CPU.ActiveCfg = Release|Any CPU
		{75EE6B10-54E4-420D-9512-004DDA51C844}.Release|Any CPU.Build.0 = Release|Any CPU
	EndGlobalSection
	GlobalSection(SolutionProperties) = preSolution
		HideSolutionNode = FALSE
	EndGlobalSection
	GlobalSection(ExtensibilityGlobals) = postSolution
		SolutionGuid = {E73C127F-796C-4CCD-82FA-88BB34B8338D}
	EndGlobalSection
EndGlobal
